
Microsoft Visual Studio Solution File, Format Version 12.00
# Visual Studio Version 16
VisualStudioVersion = 16.0.31515.178
MinimumVisualStudioVersion = 10.0.40219.1
Project("{FAE04EC0-301F-11D3-BF4B-00C04F79EFBC}") = "prime", "prime\prime.csproj", "{6436B984-E7B8-4D2A-94E1-A00D1515336C}"
EndProject
Global
	GlobalSection(SolutionConfigurationPlatforms) = preSolution
		Debug|Any CPU = Debug|Any CPU
		Release|Any CPU = Release|Any CPU
	EndGlobalSection
	GlobalSection(ProjectConfigurationPlatforms) = postSolution
		{6436B984-E7B8-4D2A-94E1-A00D1515336C}.Debug|Any CPU.ActiveCfg = Debug|Any CPU
		{6436B984-E7B8-4D2A-94E1-A00D1515336C}.Debug|Any CPU.Build.0 = Debug|Any CPU
		{6436B984-E7B8-4D2A-94E1-A00D1515336C}.Release|Any CPU.ActiveCfg = Release|Any CPU
		{6436B984-E7B8-4D2A-94E1-A00D1515336C}.Release|Any CPU.Build.0 = Release|Any CPU
	EndGlobalSection
	GlobalSection(SolutionProperties) = preSolution
		HideSolutionNode = FALSE
	EndGlobalSection
	GlobalSection(ExtensibilityGlobals) = postSolution
		SolutionGuid = {96DD45F3-AFD6-4351-B998-3EEC3A213FA2}
	EndGlobalSection
EndGlobal
